
Microsoft Visual Studio Solution File, Format Version 12.00
# Visual Studio 14
VisualStudioVersion = 14.0.23107.0
MinimumVisualStudioVersion = 10.0.40219.1
Project("{2150E333-8FDC-42A3-9474-1A3956D46DE8}") = "Presentation", "Presentation", "{7D6FCD98-D75A-4A55-93FC-748F9E407189}"
EndProject
Project("{2150E333-8FDC-42A3-9474-1A3956D46DE8}") = "API", "API", "{64BBE7AF-3F97-4BBF-B3CC-2A5342102145}"
EndProject
Project("{2150E333-8FDC-42A3-9474-1A3956D46DE8}") = "Infrastructure", "Infrastructure", "{762FA3DA-E74F-4D9C-A2D1-07A5F8FBABA5}"
EndProject
Project("{FAE04EC0-301F-11D3-BF4B-00C04F79EFBC}") = "CatMM.Web", "Presentation\CatMM.Web\CatMM.Web.csproj", "{413617C6-CEA5-447D-AE38-140AEA18B80A}"
EndProject
Project("{FAE04EC0-301F-11D3-BF4B-00C04F79EFBC}") = "CatMM.WebAPI", "API\CatMM.WebAPI\CatMM.WebAPI.csproj", "{4040905D-2EE0-4694-85EE-46339C87EF6F}"
EndProject
Project("{FAE04EC0-301F-11D3-BF4B-00C04F79EFBC}") = "CatMM.MediaAPI", "API\CatMM.MediaAPI\CatMM.MediaAPI.csproj", "{4E0DD682-B2B6-4CD8-A7DE-5F59CF118A9E}"
EndProject
Project("{FAE04EC0-301F-11D3-BF4B-00C04F79EFBC}") = "CatMM.Web.Framework", "Infrastructure\CatMM.Web.Framework\CatMM.Web.Framework.csproj", "{6B9C09D3-D232-4007-A3AE-C01DF461F132}"
EndProject
Project("{FAE04EC0-301F-11D3-BF4B-00C04F79EFBC}") = "CatMM.Admin", "Presentation\CatMM.Web\Administration\CatMM.Admin.csproj", "{BD95B480-9126-4BC0-9473-1C2669685641}"
EndProject
Global
	GlobalSection(SolutionConfigurationPlatforms) = preSolution
		Debug|Any CPU = Debug|Any CPU
		Release|Any CPU = Release|Any CPU
	EndGlobalSection
	GlobalSection(ProjectConfigurationPlatforms) = postSolution
		{413617C6-CEA5-447D-AE38-140AEA18B80A}.Debug|Any CPU.ActiveCfg = Debug|Any CPU
		{413617C6-CEA5-447D-AE38-140AEA18B80A}.Debug|Any CPU.Build.0 = Debug|Any CPU
		{413617C6-CEA5-447D-AE38-140AEA18B80A}.Release|Any CPU.ActiveCfg = Release|Any CPU
		{413617C6-CEA5-447D-AE38-140AEA18B80A}.Release|Any CPU.Build.0 = Release|Any CPU
		{4040905D-2EE0-4694-85EE-46339C87EF6F}.Debug|Any CPU.ActiveCfg = Debug|Any CPU
		{4040905D-2EE0-4694-85EE-46339C87EF6F}.Debug|Any CPU.Build.0 = Debug|Any CPU
		{4040905D-2EE0-4694-85EE-46339C87EF6F}.Release|Any CPU.ActiveCfg = Release|Any CPU
		{4040905D-2EE0-4694-85EE-46339C87EF6F}.Release|Any CPU.Build.0 = Release|Any CPU
		{4E0DD682-B2B6-4CD8-A7DE-5F59CF118A9E}.Debug|Any CPU.ActiveCfg = Debug|Any CPU
		{4E0DD682-B2B6-4CD8-A7DE-5F59CF118A9E}.Debug|Any CPU.Build.0 = Debug|Any CPU
		{4E0DD682-B2B6-4CD8-A7DE-5F59CF118A9E}.Release|Any CPU.ActiveCfg = Release|Any CPU
		{4E0DD682-B2B6-4CD8-A7DE-5F59CF118A9E}.Release|Any CPU.Build.0 = Release|Any CPU
		{6B9C09D3-D232-4007-A3AE-C01DF461F132}.Debug|Any CPU.ActiveCfg = Debug|Any CPU
		{6B9C09D3-D232-4007-A3AE-C01DF461F132}.Debug|Any CPU.Build.0 = Debug|Any CPU
		{6B9C09D3-D232-4007-A3AE-C01DF461F132}.Release|Any CPU.ActiveCfg = Release|Any CPU
		{6B9C09D3-D232-4007-A3AE-C01DF461F132}.Release|Any CPU.Build.0 = Release|Any CPU
		{BD95B480-9126-4BC0-9473-1C2669685641}.Debug|Any CPU.ActiveCfg = Debug|Any CPU
		{BD95B480-9126-4BC0-9473-1C2669685641}.Debug|Any CPU.Build.0 = Debug|Any CPU
		{BD95B480-9126-4BC0-9473-1C2669685641}.Release|Any CPU.ActiveCfg = Release|Any CPU
		{BD95B480-9126-4BC0-9473-1C2669685641}.Release|Any CPU.Build.0 = Release|Any CPU
	EndGlobalSection
	GlobalSection(SolutionProperties) = preSolution
		HideSolutionNode = FALSE
	EndGlobalSection
	GlobalSection(NestedProjects) = preSolution
		{413617C6-CEA5-447D-AE38-140AEA18B80A} = {7D6FCD98-D75A-4A55-93FC-748F9E407189}
		{4040905D-2EE0-4694-85EE-46339C87EF6F} = {64BBE7AF-3F97-4BBF-B3CC-2A5342102145}
		{4E0DD682-B2B6-4CD8-A7DE-5F59CF118A9E} = {64BBE7AF-3F97-4BBF-B3CC-2A5342102145}
		{6B9C09D3-D232-4007-A3AE-C01DF461F132} = {762FA3DA-E74F-4D9C-A2D1-07A5F8FBABA5}
		{BD95B480-9126-4BC0-9473-1C2669685641} = {7D6FCD98-D75A-4A55-93FC-748F9E407189}
	EndGlobalSection
EndGlobal
