
Microsoft Visual Studio Solution File, Format Version 12.00
# Visual Studio 14
VisualStudioVersion = 14.0.25123.0
MinimumVisualStudioVersion = 10.0.40219.1
Project("{2150E333-8FDC-42A3-9474-1A3956D46DE8}") = "Presentation", "Presentation", "{7D6FCD98-D75A-4A55-93FC-748F9E407189}"
EndProject
Project("{2150E333-8FDC-42A3-9474-1A3956D46DE8}") = "API", "API", "{64BBE7AF-3F97-4BBF-B3CC-2A5342102145}"
EndProject
Project("{2150E333-8FDC-42A3-9474-1A3956D46DE8}") = "Infrastructure", "Infrastructure", "{762FA3DA-E74F-4D9C-A2D1-07A5F8FBABA5}"
EndProject
Project("{FAE04EC0-301F-11D3-BF4B-00C04F79EFBC}") = "CatMM.Web", "Presentation\CatMM.Web\CatMM.Web.csproj", "{413617C6-CEA5-447D-AE38-140AEA18B80A}"
EndProject
Project("{FAE04EC0-301F-11D3-BF4B-00C04F79EFBC}") = "CatMM.MediaAPI", "API\CatMM.MediaAPI\CatMM.MediaAPI.csproj", "{4E0DD682-B2B6-4CD8-A7DE-5F59CF118A9E}"
EndProject
Project("{FAE04EC0-301F-11D3-BF4B-00C04F79EFBC}") = "CatMM.Web.Framework", "Infrastructure\CatMM.Web.Framework\CatMM.Web.Framework.csproj", "{6B9C09D3-D232-4007-A3AE-C01DF461F132}"
EndProject
Project("{FAE04EC0-301F-11D3-BF4B-00C04F79EFBC}") = "CatMM.Admin", "Presentation\CatMM.Web\Administration\CatMM.Admin.csproj", "{BD95B480-9126-4BC0-9473-1C2669685641}"
EndProject
Project("{FAE04EC0-301F-11D3-BF4B-00C04F79EFBC}") = "CatMM.Infrastructure", "Infrastructure\CatMM.Infrastructure\CatMM.Infrastructure.csproj", "{97ABDC94-90F5-411F-8E75-D2E99069FC6E}"
EndProject
Project("{2150E333-8FDC-42A3-9474-1A3956D46DE8}") = "Test", "Test", "{1DE98E32-2E54-4F34-A25E-5FD1B0114427}"
EndProject
Project("{FAE04EC0-301F-11D3-BF4B-00C04F79EFBC}") = "CatMM.Web.Tests", "Test\CatMM.Web.Tests\CatMM.Web.Tests.csproj", "{098869F1-13E6-4B53-8FB6-48264DB1E81E}"
EndProject
Project("{FAE04EC0-301F-11D3-BF4B-00C04F79EFBC}") = "CatMM.Web.Angular", "Test\CatMM.Web.Angular\CatMM.Web.Angular.csproj", "{CA67DDE9-AAAB-40DA-A585-F2F29BB9E701}"
EndProject
Project("{2150E333-8FDC-42A3-9474-1A3956D46DE8}") = "Globals", "Globals", "{50818EC8-48A6-4C28-A832-7646AC2C1E5F}"
EndProject
Project("{FAE04EC0-301F-11D3-BF4B-00C04F79EFBC}") = "CatMM.Shared", "Globals\CatMM.Shared\CatMM.Shared.csproj", "{3638C79D-8354-4AA6-A57F-EC66CCF25F73}"
EndProject
Project("{FAE04EC0-301F-11D3-BF4B-00C04F79EFBC}") = "CatMM.WebAPI", "API\CatMM.WebAPI\CatMM.WebAPI.csproj", "{638AD41B-502B-4923-9575-02FC50DC817B}"
EndProject
Project("{FAE04EC0-301F-11D3-BF4B-00C04F79EFBC}") = "CatMM.Autofac.Study", "Test\CatMM.Autofac.Study\CatMM.Autofac.Study.csproj", "{54AEF8BA-4DB4-477B-BC55-09A3AA664DBC}"
EndProject
Project("{2150E333-8FDC-42A3-9474-1A3956D46DE8}") = "Domain", "Domain", "{A4568EA4-94F4-4578-B6E2-968D4A1236ED}"
EndProject
Project("{FAE04EC0-301F-11D3-BF4B-00C04F79EFBC}") = "CatMM.Domain", "Domain\CatMM.Domain\CatMM.Domain.csproj", "{05D2052E-ABEB-4638-8071-8CBB02827FDD}"
EndProject
Project("{FAE04EC0-301F-11D3-BF4B-00C04F79EFBC}") = "CatMM.Data", "CatMM.Data\CatMM.Data.csproj", "{1AEC7AD7-0F0C-4394-9F4A-078320C45BAF}"
EndProject
Project("{FAE04EC0-301F-11D3-BF4B-00C04F79EFBC}") = "CatMM.Services", "CatMM.Services\CatMM.Services.csproj", "{EB4C729A-C441-4E9D-99EF-C4C2A753BFF1}"
EndProject
Project("{FAE04EC0-301F-11D3-BF4B-00C04F79EFBC}") = "CatMM.Infrastructure.Domain.Presistence.NHibernate", "Infrastructure\CatMM.Infrastructure.Domain.Presistence.NHibernate\CatMM.Infrastructure.Domain.Presistence.NHibernate.csproj", "{2CE05C3C-50B7-4AE3-876E-2D5C15FD99FC}"
EndProject
Project("{FAE04EC0-301F-11D3-BF4B-00C04F79EFBC}") = "CatMM.Domain.Mapping.NHibernate", "Domain\CatMM.Domain.Mapping.NHibernate\CatMM.Domain.Mapping.NHibernate.csproj", "{3E0FC01C-AB2F-45ED-92A9-D812F487347F}"
EndProject
Project("{FAE04EC0-301F-11D3-BF4B-00C04F79EFBC}") = "CatMM.NHibernate.Test", "Test\CatMM.NHibernate.Test\CatMM.NHibernate.Test.csproj", "{6CCE4BD3-F061-4D82-89AB-3097DCB9C74B}"
EndProject
Project("{FAE04EC0-301F-11D3-BF4B-00C04F79EFBC}") = "CatMM.Domain.Repository.NH", "Domain\CatMM.Domain.Repository\CatMM.Domain.Repository.NH.csproj", "{E3803D7D-723C-4351-A934-59055CFC9B73}"
EndProject
Project("{FAE04EC0-301F-11D3-BF4B-00C04F79EFBC}") = "CatMM.Async", "Test\CatMM.Async\CatMM.Async.csproj", "{A0AC4C33-1805-4982-B8EC-A6A6869843EB}"
EndProject
Project("{FAE04EC0-301F-11D3-BF4B-00C04F79EFBC}") = "CatMM.Infrastructure.PdfGenerator.WkHtmlToX.Tests", "Test\TestPdf\CatMM.Infrastructure.PdfGenerator.WkHtmlToX.Tests.csproj", "{BFB82CCF-5C1B-4C2F-B039-714DF7CB3C53}"
EndProject
Project("{FAE04EC0-301F-11D3-BF4B-00C04F79EFBC}") = "CatMM.Infrastructure.PdfGenerator.WkHtmlToX", "Infrastructure\CatMM.Infrastructure.PdfGenerator.WkHtmlToX\CatMM.Infrastructure.PdfGenerator.WkHtmlToX.csproj", "{28F4D638-86C3-49F5-A02F-8C3874A35209}"
EndProject
Project("{2150E333-8FDC-42A3-9474-1A3956D46DE8}") = "Study", "Study", "{C804466C-41A0-478B-B788-8A626FBF7AC1}"
EndProject
Project("{2150E333-8FDC-42A3-9474-1A3956D46DE8}") = "schame", "schame", "{48C3DD30-AC5E-4DF4-AD5D-598A29A4425D}"
	ProjectSection(SolutionItems) = preProject
		packages\NHibernate.4.0.4.4000\nhibernate-configuration.xsd = packages\NHibernate.4.0.4.4000\nhibernate-configuration.xsd
		packages\NHibernate.4.0.4.4000\nhibernate-mapping.xsd = packages\NHibernate.4.0.4.4000\nhibernate-mapping.xsd
	EndProjectSection
EndProject
Project("{FAE04EC0-301F-11D3-BF4B-00C04F79EFBC}") = "CatMM.Study.NH", "Study\CatMM.Study.NH\CatMM.Study.NH.csproj", "{E223CEB2-2766-42B9-B606-79A3085FF37F}"
EndProject
Global
	GlobalSection(SolutionConfigurationPlatforms) = preSolution
		Debug|Any CPU = Debug|Any CPU
		Debug|x64 = Debug|x64
		Development|Any CPU = Development|Any CPU
		Development|x64 = Development|x64
		Production|Any CPU = Production|Any CPU
		Production|x64 = Production|x64
		Release|Any CPU = Release|Any CPU
		Release|x64 = Release|x64
	EndGlobalSection
	GlobalSection(ProjectConfigurationPlatforms) = postSolution
		{413617C6-CEA5-447D-AE38-140AEA18B80A}.Debug|Any CPU.ActiveCfg = Debug|Any CPU
		{413617C6-CEA5-447D-AE38-140AEA18B80A}.Debug|Any CPU.Build.0 = Debug|Any CPU
		{413617C6-CEA5-447D-AE38-140AEA18B80A}.Debug|x64.ActiveCfg = Debug|Any CPU
		{413617C6-CEA5-447D-AE38-140AEA18B80A}.Development|Any CPU.ActiveCfg = Development|Any CPU
		{413617C6-CEA5-447D-AE38-140AEA18B80A}.Development|Any CPU.Build.0 = Development|Any CPU
		{413617C6-CEA5-447D-AE38-140AEA18B80A}.Development|x64.ActiveCfg = Development|Any CPU
		{413617C6-CEA5-447D-AE38-140AEA18B80A}.Development|x64.Build.0 = Development|Any CPU
		{413617C6-CEA5-447D-AE38-140AEA18B80A}.Production|Any CPU.ActiveCfg = Production|Any CPU
		{413617C6-CEA5-447D-AE38-140AEA18B80A}.Production|Any CPU.Build.0 = Production|Any CPU
		{413617C6-CEA5-447D-AE38-140AEA18B80A}.Production|x64.ActiveCfg = Production|Any CPU
		{413617C6-CEA5-447D-AE38-140AEA18B80A}.Production|x64.Build.0 = Production|Any CPU
		{413617C6-CEA5-447D-AE38-140AEA18B80A}.Release|Any CPU.ActiveCfg = Release|Any CPU
		{413617C6-CEA5-447D-AE38-140AEA18B80A}.Release|Any CPU.Build.0 = Release|Any CPU
		{413617C6-CEA5-447D-AE38-140AEA18B80A}.Release|x64.ActiveCfg = Release|Any CPU
		{4E0DD682-B2B6-4CD8-A7DE-5F59CF118A9E}.Debug|Any CPU.ActiveCfg = Debug|Any CPU
		{4E0DD682-B2B6-4CD8-A7DE-5F59CF118A9E}.Debug|Any CPU.Build.0 = Debug|Any CPU
		{4E0DD682-B2B6-4CD8-A7DE-5F59CF118A9E}.Debug|x64.ActiveCfg = Debug|Any CPU
		{4E0DD682-B2B6-4CD8-A7DE-5F59CF118A9E}.Development|Any CPU.ActiveCfg = Development|Any CPU
		{4E0DD682-B2B6-4CD8-A7DE-5F59CF118A9E}.Development|Any CPU.Build.0 = Development|Any CPU
		{4E0DD682-B2B6-4CD8-A7DE-5F59CF118A9E}.Development|x64.ActiveCfg = Development|Any CPU
		{4E0DD682-B2B6-4CD8-A7DE-5F59CF118A9E}.Development|x64.Build.0 = Development|Any CPU
		{4E0DD682-B2B6-4CD8-A7DE-5F59CF118A9E}.Production|Any CPU.ActiveCfg = Production|Any CPU
		{4E0DD682-B2B6-4CD8-A7DE-5F59CF118A9E}.Production|Any CPU.Build.0 = Production|Any CPU
		{4E0DD682-B2B6-4CD8-A7DE-5F59CF118A9E}.Production|x64.ActiveCfg = Production|Any CPU
		{4E0DD682-B2B6-4CD8-A7DE-5F59CF118A9E}.Production|x64.Build.0 = Production|Any CPU
		{4E0DD682-B2B6-4CD8-A7DE-5F59CF118A9E}.Release|Any CPU.ActiveCfg = Release|Any CPU
		{4E0DD682-B2B6-4CD8-A7DE-5F59CF118A9E}.Release|Any CPU.Build.0 = Release|Any CPU
		{4E0DD682-B2B6-4CD8-A7DE-5F59CF118A9E}.Release|x64.ActiveCfg = Release|Any CPU
		{6B9C09D3-D232-4007-A3AE-C01DF461F132}.Debug|Any CPU.ActiveCfg = Debug|Any CPU
		{6B9C09D3-D232-4007-A3AE-C01DF461F132}.Debug|Any CPU.Build.0 = Debug|Any CPU
		{6B9C09D3-D232-4007-A3AE-C01DF461F132}.Debug|x64.ActiveCfg = Debug|Any CPU
		{6B9C09D3-D232-4007-A3AE-C01DF461F132}.Development|Any CPU.ActiveCfg = Development|Any CPU
		{6B9C09D3-D232-4007-A3AE-C01DF461F132}.Development|Any CPU.Build.0 = Development|Any CPU
		{6B9C09D3-D232-4007-A3AE-C01DF461F132}.Development|x64.ActiveCfg = Development|Any CPU
		{6B9C09D3-D232-4007-A3AE-C01DF461F132}.Development|x64.Build.0 = Development|Any CPU
		{6B9C09D3-D232-4007-A3AE-C01DF461F132}.Production|Any CPU.ActiveCfg = Production|Any CPU
		{6B9C09D3-D232-4007-A3AE-C01DF461F132}.Production|Any CPU.Build.0 = Production|Any CPU
		{6B9C09D3-D232-4007-A3AE-C01DF461F132}.Production|x64.ActiveCfg = Production|Any CPU
		{6B9C09D3-D232-4007-A3AE-C01DF461F132}.Production|x64.Build.0 = Production|Any CPU
		{6B9C09D3-D232-4007-A3AE-C01DF461F132}.Release|Any CPU.ActiveCfg = Release|Any CPU
		{6B9C09D3-D232-4007-A3AE-C01DF461F132}.Release|Any CPU.Build.0 = Release|Any CPU
		{6B9C09D3-D232-4007-A3AE-C01DF461F132}.Release|x64.ActiveCfg = Release|Any CPU
		{BD95B480-9126-4BC0-9473-1C2669685641}.Debug|Any CPU.ActiveCfg = Debug|Any CPU
		{BD95B480-9126-4BC0-9473-1C2669685641}.Debug|Any CPU.Build.0 = Debug|Any CPU
		{BD95B480-9126-4BC0-9473-1C2669685641}.Debug|x64.ActiveCfg = Debug|Any CPU
		{BD95B480-9126-4BC0-9473-1C2669685641}.Development|Any CPU.ActiveCfg = Development|Any CPU
		{BD95B480-9126-4BC0-9473-1C2669685641}.Development|Any CPU.Build.0 = Development|Any CPU
		{BD95B480-9126-4BC0-9473-1C2669685641}.Development|x64.ActiveCfg = Development|Any CPU
		{BD95B480-9126-4BC0-9473-1C2669685641}.Development|x64.Build.0 = Development|Any CPU
		{BD95B480-9126-4BC0-9473-1C2669685641}.Production|Any CPU.ActiveCfg = Production|Any CPU
		{BD95B480-9126-4BC0-9473-1C2669685641}.Production|Any CPU.Build.0 = Production|Any CPU
		{BD95B480-9126-4BC0-9473-1C2669685641}.Production|x64.ActiveCfg = Production|Any CPU
		{BD95B480-9126-4BC0-9473-1C2669685641}.Production|x64.Build.0 = Production|Any CPU
		{BD95B480-9126-4BC0-9473-1C2669685641}.Release|Any CPU.ActiveCfg = Release|Any CPU
		{BD95B480-9126-4BC0-9473-1C2669685641}.Release|Any CPU.Build.0 = Release|Any CPU
		{BD95B480-9126-4BC0-9473-1C2669685641}.Release|x64.ActiveCfg = Release|Any CPU
		{97ABDC94-90F5-411F-8E75-D2E99069FC6E}.Debug|Any CPU.ActiveCfg = Debug|Any CPU
		{97ABDC94-90F5-411F-8E75-D2E99069FC6E}.Debug|Any CPU.Build.0 = Debug|Any CPU
		{97ABDC94-90F5-411F-8E75-D2E99069FC6E}.Debug|x64.ActiveCfg = Debug|Any CPU
		{97ABDC94-90F5-411F-8E75-D2E99069FC6E}.Development|Any CPU.ActiveCfg = Development|Any CPU
		{97ABDC94-90F5-411F-8E75-D2E99069FC6E}.Development|Any CPU.Build.0 = Development|Any CPU
		{97ABDC94-90F5-411F-8E75-D2E99069FC6E}.Development|x64.ActiveCfg = Development|Any CPU
		{97ABDC94-90F5-411F-8E75-D2E99069FC6E}.Development|x64.Build.0 = Development|Any CPU
		{97ABDC94-90F5-411F-8E75-D2E99069FC6E}.Production|Any CPU.ActiveCfg = Production|Any CPU
		{97ABDC94-90F5-411F-8E75-D2E99069FC6E}.Production|Any CPU.Build.0 = Production|Any CPU
		{97ABDC94-90F5-411F-8E75-D2E99069FC6E}.Production|x64.ActiveCfg = Production|Any CPU
		{97ABDC94-90F5-411F-8E75-D2E99069FC6E}.Production|x64.Build.0 = Production|Any CPU
		{97ABDC94-90F5-411F-8E75-D2E99069FC6E}.Release|Any CPU.ActiveCfg = Release|Any CPU
		{97ABDC94-90F5-411F-8E75-D2E99069FC6E}.Release|Any CPU.Build.0 = Release|Any CPU
		{97ABDC94-90F5-411F-8E75-D2E99069FC6E}.Release|x64.ActiveCfg = Release|Any CPU
		{098869F1-13E6-4B53-8FB6-48264DB1E81E}.Debug|Any CPU.ActiveCfg = Debug|Any CPU
		{098869F1-13E6-4B53-8FB6-48264DB1E81E}.Debug|Any CPU.Build.0 = Debug|Any CPU
		{098869F1-13E6-4B53-8FB6-48264DB1E81E}.Debug|x64.ActiveCfg = Debug|Any CPU
		{098869F1-13E6-4B53-8FB6-48264DB1E81E}.Development|Any CPU.ActiveCfg = Development|Any CPU
		{098869F1-13E6-4B53-8FB6-48264DB1E81E}.Development|Any CPU.Build.0 = Development|Any CPU
		{098869F1-13E6-4B53-8FB6-48264DB1E81E}.Development|x64.ActiveCfg = Development|Any CPU
		{098869F1-13E6-4B53-8FB6-48264DB1E81E}.Development|x64.Build.0 = Development|Any CPU
		{098869F1-13E6-4B53-8FB6-48264DB1E81E}.Production|Any CPU.ActiveCfg = Production|Any CPU
		{098869F1-13E6-4B53-8FB6-48264DB1E81E}.Production|Any CPU.Build.0 = Production|Any CPU
		{098869F1-13E6-4B53-8FB6-48264DB1E81E}.Production|x64.ActiveCfg = Production|Any CPU
		{098869F1-13E6-4B53-8FB6-48264DB1E81E}.Production|x64.Build.0 = Production|Any CPU
		{098869F1-13E6-4B53-8FB6-48264DB1E81E}.Release|Any CPU.ActiveCfg = Release|Any CPU
		{098869F1-13E6-4B53-8FB6-48264DB1E81E}.Release|Any CPU.Build.0 = Release|Any CPU
		{098869F1-13E6-4B53-8FB6-48264DB1E81E}.Release|x64.ActiveCfg = Release|Any CPU
		{CA67DDE9-AAAB-40DA-A585-F2F29BB9E701}.Debug|Any CPU.ActiveCfg = Debug|Any CPU
		{CA67DDE9-AAAB-40DA-A585-F2F29BB9E701}.Debug|Any CPU.Build.0 = Debug|Any CPU
		{CA67DDE9-AAAB-40DA-A585-F2F29BB9E701}.Debug|x64.ActiveCfg = Debug|Any CPU
		{CA67DDE9-AAAB-40DA-A585-F2F29BB9E701}.Development|Any CPU.ActiveCfg = Development|Any CPU
		{CA67DDE9-AAAB-40DA-A585-F2F29BB9E701}.Development|Any CPU.Build.0 = Development|Any CPU
		{CA67DDE9-AAAB-40DA-A585-F2F29BB9E701}.Development|x64.ActiveCfg = Development|Any CPU
		{CA67DDE9-AAAB-40DA-A585-F2F29BB9E701}.Development|x64.Build.0 = Development|Any CPU
		{CA67DDE9-AAAB-40DA-A585-F2F29BB9E701}.Production|Any CPU.ActiveCfg = Production|Any CPU
		{CA67DDE9-AAAB-40DA-A585-F2F29BB9E701}.Production|Any CPU.Build.0 = Production|Any CPU
		{CA67DDE9-AAAB-40DA-A585-F2F29BB9E701}.Production|x64.ActiveCfg = Production|Any CPU
		{CA67DDE9-AAAB-40DA-A585-F2F29BB9E701}.Production|x64.Build.0 = Production|Any CPU
		{CA67DDE9-AAAB-40DA-A585-F2F29BB9E701}.Release|Any CPU.ActiveCfg = Release|Any CPU
		{CA67DDE9-AAAB-40DA-A585-F2F29BB9E701}.Release|Any CPU.Build.0 = Release|Any CPU
		{CA67DDE9-AAAB-40DA-A585-F2F29BB9E701}.Release|x64.ActiveCfg = Release|Any CPU
		{3638C79D-8354-4AA6-A57F-EC66CCF25F73}.Debug|Any CPU.ActiveCfg = Debug|Any CPU
		{3638C79D-8354-4AA6-A57F-EC66CCF25F73}.Debug|Any CPU.Build.0 = Debug|Any CPU
		{3638C79D-8354-4AA6-A57F-EC66CCF25F73}.Debug|x64.ActiveCfg = Debug|Any CPU
		{3638C79D-8354-4AA6-A57F-EC66CCF25F73}.Development|Any CPU.ActiveCfg = Development|Any CPU
		{3638C79D-8354-4AA6-A57F-EC66CCF25F73}.Development|Any CPU.Build.0 = Development|Any CPU
		{3638C79D-8354-4AA6-A57F-EC66CCF25F73}.Development|x64.ActiveCfg = Development|Any CPU
		{3638C79D-8354-4AA6-A57F-EC66CCF25F73}.Development|x64.Build.0 = Development|Any CPU
		{3638C79D-8354-4AA6-A57F-EC66CCF25F73}.Production|Any CPU.ActiveCfg = Production|Any CPU
		{3638C79D-8354-4AA6-A57F-EC66CCF25F73}.Production|Any CPU.Build.0 = Production|Any CPU
		{3638C79D-8354-4AA6-A57F-EC66CCF25F73}.Production|x64.ActiveCfg = Production|Any CPU
		{3638C79D-8354-4AA6-A57F-EC66CCF25F73}.Production|x64.Build.0 = Production|Any CPU
		{3638C79D-8354-4AA6-A57F-EC66CCF25F73}.Release|Any CPU.ActiveCfg = Release|Any CPU
		{3638C79D-8354-4AA6-A57F-EC66CCF25F73}.Release|Any CPU.Build.0 = Release|Any CPU
		{3638C79D-8354-4AA6-A57F-EC66CCF25F73}.Release|x64.ActiveCfg = Release|Any CPU
		{638AD41B-502B-4923-9575-02FC50DC817B}.Debug|Any CPU.ActiveCfg = Debug|Any CPU
		{638AD41B-502B-4923-9575-02FC50DC817B}.Debug|Any CPU.Build.0 = Debug|Any CPU
		{638AD41B-502B-4923-9575-02FC50DC817B}.Debug|x64.ActiveCfg = Debug|Any CPU
		{638AD41B-502B-4923-9575-02FC50DC817B}.Development|Any CPU.ActiveCfg = Development|Any CPU
		{638AD41B-502B-4923-9575-02FC50DC817B}.Development|Any CPU.Build.0 = Development|Any CPU
		{638AD41B-502B-4923-9575-02FC50DC817B}.Development|x64.ActiveCfg = Development|Any CPU
		{638AD41B-502B-4923-9575-02FC50DC817B}.Development|x64.Build.0 = Development|Any CPU
		{638AD41B-502B-4923-9575-02FC50DC817B}.Production|Any CPU.ActiveCfg = Production|Any CPU
		{638AD41B-502B-4923-9575-02FC50DC817B}.Production|Any CPU.Build.0 = Production|Any CPU
		{638AD41B-502B-4923-9575-02FC50DC817B}.Production|x64.ActiveCfg = Production|Any CPU
		{638AD41B-502B-4923-9575-02FC50DC817B}.Production|x64.Build.0 = Production|Any CPU
		{638AD41B-502B-4923-9575-02FC50DC817B}.Release|Any CPU.ActiveCfg = Release|Any CPU
		{638AD41B-502B-4923-9575-02FC50DC817B}.Release|Any CPU.Build.0 = Release|Any CPU
		{638AD41B-502B-4923-9575-02FC50DC817B}.Release|x64.ActiveCfg = Release|Any CPU
		{54AEF8BA-4DB4-477B-BC55-09A3AA664DBC}.Debug|Any CPU.ActiveCfg = Debug|Any CPU
		{54AEF8BA-4DB4-477B-BC55-09A3AA664DBC}.Debug|Any CPU.Build.0 = Debug|Any CPU
		{54AEF8BA-4DB4-477B-BC55-09A3AA664DBC}.Debug|x64.ActiveCfg = Debug|Any CPU
		{54AEF8BA-4DB4-477B-BC55-09A3AA664DBC}.Development|Any CPU.ActiveCfg = Development|Any CPU
		{54AEF8BA-4DB4-477B-BC55-09A3AA664DBC}.Development|Any CPU.Build.0 = Development|Any CPU
		{54AEF8BA-4DB4-477B-BC55-09A3AA664DBC}.Development|x64.ActiveCfg = Development|Any CPU
		{54AEF8BA-4DB4-477B-BC55-09A3AA664DBC}.Development|x64.Build.0 = Development|Any CPU
		{54AEF8BA-4DB4-477B-BC55-09A3AA664DBC}.Production|Any CPU.ActiveCfg = Production|Any CPU
		{54AEF8BA-4DB4-477B-BC55-09A3AA664DBC}.Production|Any CPU.Build.0 = Production|Any CPU
		{54AEF8BA-4DB4-477B-BC55-09A3AA664DBC}.Production|x64.ActiveCfg = Production|Any CPU
		{54AEF8BA-4DB4-477B-BC55-09A3AA664DBC}.Production|x64.Build.0 = Production|Any CPU
		{54AEF8BA-4DB4-477B-BC55-09A3AA664DBC}.Release|Any CPU.ActiveCfg = Release|Any CPU
		{54AEF8BA-4DB4-477B-BC55-09A3AA664DBC}.Release|Any CPU.Build.0 = Release|Any CPU
		{54AEF8BA-4DB4-477B-BC55-09A3AA664DBC}.Release|x64.ActiveCfg = Release|Any CPU
		{05D2052E-ABEB-4638-8071-8CBB02827FDD}.Debug|Any CPU.ActiveCfg = Debug|Any CPU
		{05D2052E-ABEB-4638-8071-8CBB02827FDD}.Debug|Any CPU.Build.0 = Debug|Any CPU
		{05D2052E-ABEB-4638-8071-8CBB02827FDD}.Debug|x64.ActiveCfg = Debug|Any CPU
		{05D2052E-ABEB-4638-8071-8CBB02827FDD}.Development|Any CPU.ActiveCfg = Development|Any CPU
		{05D2052E-ABEB-4638-8071-8CBB02827FDD}.Development|Any CPU.Build.0 = Development|Any CPU
		{05D2052E-ABEB-4638-8071-8CBB02827FDD}.Development|x64.ActiveCfg = Development|Any CPU
		{05D2052E-ABEB-4638-8071-8CBB02827FDD}.Development|x64.Build.0 = Development|Any CPU
		{05D2052E-ABEB-4638-8071-8CBB02827FDD}.Production|Any CPU.ActiveCfg = Production|Any CPU
		{05D2052E-ABEB-4638-8071-8CBB02827FDD}.Production|Any CPU.Build.0 = Production|Any CPU
		{05D2052E-ABEB-4638-8071-8CBB02827FDD}.Production|x64.ActiveCfg = Production|Any CPU
		{05D2052E-ABEB-4638-8071-8CBB02827FDD}.Production|x64.Build.0 = Production|Any CPU
		{05D2052E-ABEB-4638-8071-8CBB02827FDD}.Release|Any CPU.ActiveCfg = Release|Any CPU
		{05D2052E-ABEB-4638-8071-8CBB02827FDD}.Release|Any CPU.Build.0 = Release|Any CPU
		{05D2052E-ABEB-4638-8071-8CBB02827FDD}.Release|x64.ActiveCfg = Release|Any CPU
		{1AEC7AD7-0F0C-4394-9F4A-078320C45BAF}.Debug|Any CPU.ActiveCfg = Debug|Any CPU
		{1AEC7AD7-0F0C-4394-9F4A-078320C45BAF}.Debug|Any CPU.Build.0 = Debug|Any CPU
		{1AEC7AD7-0F0C-4394-9F4A-078320C45BAF}.Debug|x64.ActiveCfg = Debug|Any CPU
		{1AEC7AD7-0F0C-4394-9F4A-078320C45BAF}.Development|Any CPU.ActiveCfg = Debug|Any CPU
		{1AEC7AD7-0F0C-4394-9F4A-078320C45BAF}.Development|x64.ActiveCfg = Debug|Any CPU
		{1AEC7AD7-0F0C-4394-9F4A-078320C45BAF}.Production|Any CPU.ActiveCfg = Release|Any CPU
		{1AEC7AD7-0F0C-4394-9F4A-078320C45BAF}.Production|x64.ActiveCfg = Release|Any CPU
		{1AEC7AD7-0F0C-4394-9F4A-078320C45BAF}.Release|Any CPU.ActiveCfg = Release|Any CPU
		{1AEC7AD7-0F0C-4394-9F4A-078320C45BAF}.Release|Any CPU.Build.0 = Release|Any CPU
		{1AEC7AD7-0F0C-4394-9F4A-078320C45BAF}.Release|x64.ActiveCfg = Release|Any CPU
		{EB4C729A-C441-4E9D-99EF-C4C2A753BFF1}.Debug|Any CPU.ActiveCfg = Debug|Any CPU
		{EB4C729A-C441-4E9D-99EF-C4C2A753BFF1}.Debug|Any CPU.Build.0 = Debug|Any CPU
		{EB4C729A-C441-4E9D-99EF-C4C2A753BFF1}.Debug|x64.ActiveCfg = Debug|Any CPU
		{EB4C729A-C441-4E9D-99EF-C4C2A753BFF1}.Development|Any CPU.ActiveCfg = Development|Any CPU
		{EB4C729A-C441-4E9D-99EF-C4C2A753BFF1}.Development|Any CPU.Build.0 = Development|Any CPU
		{EB4C729A-C441-4E9D-99EF-C4C2A753BFF1}.Development|x64.ActiveCfg = Development|Any CPU
		{EB4C729A-C441-4E9D-99EF-C4C2A753BFF1}.Development|x64.Build.0 = Development|Any CPU
		{EB4C729A-C441-4E9D-99EF-C4C2A753BFF1}.Production|Any CPU.ActiveCfg = Production|Any CPU
		{EB4C729A-C441-4E9D-99EF-C4C2A753BFF1}.Production|Any CPU.Build.0 = Production|Any CPU
		{EB4C729A-C441-4E9D-99EF-C4C2A753BFF1}.Production|x64.ActiveCfg = Production|Any CPU
		{EB4C729A-C441-4E9D-99EF-C4C2A753BFF1}.Production|x64.Build.0 = Production|Any CPU
		{EB4C729A-C441-4E9D-99EF-C4C2A753BFF1}.Release|Any CPU.ActiveCfg = Release|Any CPU
		{EB4C729A-C441-4E9D-99EF-C4C2A753BFF1}.Release|Any CPU.Build.0 = Release|Any CPU
		{EB4C729A-C441-4E9D-99EF-C4C2A753BFF1}.Release|x64.ActiveCfg = Release|Any CPU
		{2CE05C3C-50B7-4AE3-876E-2D5C15FD99FC}.Debug|Any CPU.ActiveCfg = Debug|Any CPU
		{2CE05C3C-50B7-4AE3-876E-2D5C15FD99FC}.Debug|Any CPU.Build.0 = Debug|Any CPU
		{2CE05C3C-50B7-4AE3-876E-2D5C15FD99FC}.Debug|x64.ActiveCfg = Debug|Any CPU
		{2CE05C3C-50B7-4AE3-876E-2D5C15FD99FC}.Development|Any CPU.ActiveCfg = Development|Any CPU
		{2CE05C3C-50B7-4AE3-876E-2D5C15FD99FC}.Development|Any CPU.Build.0 = Development|Any CPU
		{2CE05C3C-50B7-4AE3-876E-2D5C15FD99FC}.Development|x64.ActiveCfg = Development|Any CPU
		{2CE05C3C-50B7-4AE3-876E-2D5C15FD99FC}.Development|x64.Build.0 = Development|Any CPU
		{2CE05C3C-50B7-4AE3-876E-2D5C15FD99FC}.Production|Any CPU.ActiveCfg = Production|Any CPU
		{2CE05C3C-50B7-4AE3-876E-2D5C15FD99FC}.Production|Any CPU.Build.0 = Production|Any CPU
		{2CE05C3C-50B7-4AE3-876E-2D5C15FD99FC}.Production|x64.ActiveCfg = Production|Any CPU
		{2CE05C3C-50B7-4AE3-876E-2D5C15FD99FC}.Production|x64.Build.0 = Production|Any CPU
		{2CE05C3C-50B7-4AE3-876E-2D5C15FD99FC}.Release|Any CPU.ActiveCfg = Release|Any CPU
		{2CE05C3C-50B7-4AE3-876E-2D5C15FD99FC}.Release|Any CPU.Build.0 = Release|Any CPU
		{2CE05C3C-50B7-4AE3-876E-2D5C15FD99FC}.Release|x64.ActiveCfg = Release|Any CPU
		{3E0FC01C-AB2F-45ED-92A9-D812F487347F}.Debug|Any CPU.ActiveCfg = Debug|Any CPU
		{3E0FC01C-AB2F-45ED-92A9-D812F487347F}.Debug|Any CPU.Build.0 = Debug|Any CPU
		{3E0FC01C-AB2F-45ED-92A9-D812F487347F}.Debug|x64.ActiveCfg = Debug|Any CPU
		{3E0FC01C-AB2F-45ED-92A9-D812F487347F}.Development|Any CPU.ActiveCfg = Development|Any CPU
		{3E0FC01C-AB2F-45ED-92A9-D812F487347F}.Development|Any CPU.Build.0 = Development|Any CPU
		{3E0FC01C-AB2F-45ED-92A9-D812F487347F}.Development|x64.ActiveCfg = Development|Any CPU
		{3E0FC01C-AB2F-45ED-92A9-D812F487347F}.Development|x64.Build.0 = Development|Any CPU
		{3E0FC01C-AB2F-45ED-92A9-D812F487347F}.Production|Any CPU.ActiveCfg = Production|Any CPU
		{3E0FC01C-AB2F-45ED-92A9-D812F487347F}.Production|Any CPU.Build.0 = Production|Any CPU
		{3E0FC01C-AB2F-45ED-92A9-D812F487347F}.Production|x64.ActiveCfg = Production|Any CPU
		{3E0FC01C-AB2F-45ED-92A9-D812F487347F}.Production|x64.Build.0 = Production|Any CPU
		{3E0FC01C-AB2F-45ED-92A9-D812F487347F}.Release|Any CPU.ActiveCfg = Release|Any CPU
		{3E0FC01C-AB2F-45ED-92A9-D812F487347F}.Release|Any CPU.Build.0 = Release|Any CPU
		{3E0FC01C-AB2F-45ED-92A9-D812F487347F}.Release|x64.ActiveCfg = Release|Any CPU
		{6CCE4BD3-F061-4D82-89AB-3097DCB9C74B}.Debug|Any CPU.ActiveCfg = Debug|Any CPU
		{6CCE4BD3-F061-4D82-89AB-3097DCB9C74B}.Debug|Any CPU.Build.0 = Debug|Any CPU
		{6CCE4BD3-F061-4D82-89AB-3097DCB9C74B}.Debug|x64.ActiveCfg = Debug|Any CPU
		{6CCE4BD3-F061-4D82-89AB-3097DCB9C74B}.Development|Any CPU.ActiveCfg = Development|Any CPU
		{6CCE4BD3-F061-4D82-89AB-3097DCB9C74B}.Development|Any CPU.Build.0 = Development|Any CPU
		{6CCE4BD3-F061-4D82-89AB-3097DCB9C74B}.Development|x64.ActiveCfg = Development|Any CPU
		{6CCE4BD3-F061-4D82-89AB-3097DCB9C74B}.Development|x64.Build.0 = Development|Any CPU
		{6CCE4BD3-F061-4D82-89AB-3097DCB9C74B}.Production|Any CPU.ActiveCfg = Production|Any CPU
		{6CCE4BD3-F061-4D82-89AB-3097DCB9C74B}.Production|Any CPU.Build.0 = Production|Any CPU
		{6CCE4BD3-F061-4D82-89AB-3097DCB9C74B}.Production|x64.ActiveCfg = Production|Any CPU
		{6CCE4BD3-F061-4D82-89AB-3097DCB9C74B}.Production|x64.Build.0 = Production|Any CPU
		{6CCE4BD3-F061-4D82-89AB-3097DCB9C74B}.Release|Any CPU.ActiveCfg = Release|Any CPU
		{6CCE4BD3-F061-4D82-89AB-3097DCB9C74B}.Release|Any CPU.Build.0 = Release|Any CPU
		{6CCE4BD3-F061-4D82-89AB-3097DCB9C74B}.Release|x64.ActiveCfg = Release|Any CPU
		{E3803D7D-723C-4351-A934-59055CFC9B73}.Debug|Any CPU.ActiveCfg = Debug|Any CPU
		{E3803D7D-723C-4351-A934-59055CFC9B73}.Debug|Any CPU.Build.0 = Debug|Any CPU
		{E3803D7D-723C-4351-A934-59055CFC9B73}.Debug|x64.ActiveCfg = Debug|Any CPU
		{E3803D7D-723C-4351-A934-59055CFC9B73}.Development|Any CPU.ActiveCfg = Development|Any CPU
		{E3803D7D-723C-4351-A934-59055CFC9B73}.Development|Any CPU.Build.0 = Development|Any CPU
		{E3803D7D-723C-4351-A934-59055CFC9B73}.Development|x64.ActiveCfg = Development|Any CPU
		{E3803D7D-723C-4351-A934-59055CFC9B73}.Development|x64.Build.0 = Development|Any CPU
		{E3803D7D-723C-4351-A934-59055CFC9B73}.Production|Any CPU.ActiveCfg = Production|Any CPU
		{E3803D7D-723C-4351-A934-59055CFC9B73}.Production|Any CPU.Build.0 = Production|Any CPU
		{E3803D7D-723C-4351-A934-59055CFC9B73}.Production|x64.ActiveCfg = Production|Any CPU
		{E3803D7D-723C-4351-A934-59055CFC9B73}.Production|x64.Build.0 = Production|Any CPU
		{E3803D7D-723C-4351-A934-59055CFC9B73}.Release|Any CPU.ActiveCfg = Release|Any CPU
		{E3803D7D-723C-4351-A934-59055CFC9B73}.Release|Any CPU.Build.0 = Release|Any CPU
		{E3803D7D-723C-4351-A934-59055CFC9B73}.Release|x64.ActiveCfg = Release|Any CPU
		{A0AC4C33-1805-4982-B8EC-A6A6869843EB}.Debug|Any CPU.ActiveCfg = Debug|Any CPU
		{A0AC4C33-1805-4982-B8EC-A6A6869843EB}.Debug|Any CPU.Build.0 = Debug|Any CPU
		{A0AC4C33-1805-4982-B8EC-A6A6869843EB}.Debug|x64.ActiveCfg = Debug|x64
		{A0AC4C33-1805-4982-B8EC-A6A6869843EB}.Debug|x64.Build.0 = Debug|x64
		{A0AC4C33-1805-4982-B8EC-A6A6869843EB}.Development|Any CPU.ActiveCfg = Development|Any CPU
		{A0AC4C33-1805-4982-B8EC-A6A6869843EB}.Development|Any CPU.Build.0 = Development|Any CPU
		{A0AC4C33-1805-4982-B8EC-A6A6869843EB}.Development|x64.ActiveCfg = Development|x64
		{A0AC4C33-1805-4982-B8EC-A6A6869843EB}.Development|x64.Build.0 = Development|x64
		{A0AC4C33-1805-4982-B8EC-A6A6869843EB}.Production|Any CPU.ActiveCfg = Production|Any CPU
		{A0AC4C33-1805-4982-B8EC-A6A6869843EB}.Production|Any CPU.Build.0 = Production|Any CPU
		{A0AC4C33-1805-4982-B8EC-A6A6869843EB}.Production|x64.ActiveCfg = Production|x64
		{A0AC4C33-1805-4982-B8EC-A6A6869843EB}.Production|x64.Build.0 = Production|x64
		{A0AC4C33-1805-4982-B8EC-A6A6869843EB}.Release|Any CPU.ActiveCfg = Release|Any CPU
		{A0AC4C33-1805-4982-B8EC-A6A6869843EB}.Release|Any CPU.Build.0 = Release|Any CPU
		{A0AC4C33-1805-4982-B8EC-A6A6869843EB}.Release|x64.ActiveCfg = Release|x64
		{A0AC4C33-1805-4982-B8EC-A6A6869843EB}.Release|x64.Build.0 = Release|x64
		{BFB82CCF-5C1B-4C2F-B039-714DF7CB3C53}.Debug|Any CPU.ActiveCfg = Debug|Any CPU
		{BFB82CCF-5C1B-4C2F-B039-714DF7CB3C53}.Debug|Any CPU.Build.0 = Debug|Any CPU
		{BFB82CCF-5C1B-4C2F-B039-714DF7CB3C53}.Debug|x64.ActiveCfg = Debug|Any CPU
		{BFB82CCF-5C1B-4C2F-B039-714DF7CB3C53}.Development|Any CPU.ActiveCfg = Development|Any CPU
		{BFB82CCF-5C1B-4C2F-B039-714DF7CB3C53}.Development|Any CPU.Build.0 = Development|Any CPU
		{BFB82CCF-5C1B-4C2F-B039-714DF7CB3C53}.Development|x64.ActiveCfg = Development|Any CPU
		{BFB82CCF-5C1B-4C2F-B039-714DF7CB3C53}.Development|x64.Build.0 = Development|Any CPU
		{BFB82CCF-5C1B-4C2F-B039-714DF7CB3C53}.Production|Any CPU.ActiveCfg = Production|Any CPU
		{BFB82CCF-5C1B-4C2F-B039-714DF7CB3C53}.Production|Any CPU.Build.0 = Production|Any CPU
		{BFB82CCF-5C1B-4C2F-B039-714DF7CB3C53}.Production|x64.ActiveCfg = Production|Any CPU
		{BFB82CCF-5C1B-4C2F-B039-714DF7CB3C53}.Production|x64.Build.0 = Production|Any CPU
		{BFB82CCF-5C1B-4C2F-B039-714DF7CB3C53}.Release|Any CPU.ActiveCfg = Release|Any CPU
		{BFB82CCF-5C1B-4C2F-B039-714DF7CB3C53}.Release|Any CPU.Build.0 = Release|Any CPU
		{BFB82CCF-5C1B-4C2F-B039-714DF7CB3C53}.Release|x64.ActiveCfg = Release|Any CPU
		{28F4D638-86C3-49F5-A02F-8C3874A35209}.Debug|Any CPU.ActiveCfg = Debug|Any CPU
		{28F4D638-86C3-49F5-A02F-8C3874A35209}.Debug|Any CPU.Build.0 = Debug|Any CPU
		{28F4D638-86C3-49F5-A02F-8C3874A35209}.Debug|x64.ActiveCfg = Debug|Any CPU
		{28F4D638-86C3-49F5-A02F-8C3874A35209}.Development|Any CPU.ActiveCfg = Development|Any CPU
		{28F4D638-86C3-49F5-A02F-8C3874A35209}.Development|Any CPU.Build.0 = Development|Any CPU
		{28F4D638-86C3-49F5-A02F-8C3874A35209}.Development|x64.ActiveCfg = Development|Any CPU
		{28F4D638-86C3-49F5-A02F-8C3874A35209}.Development|x64.Build.0 = Development|Any CPU
		{28F4D638-86C3-49F5-A02F-8C3874A35209}.Production|Any CPU.ActiveCfg = Production|Any CPU
		{28F4D638-86C3-49F5-A02F-8C3874A35209}.Production|Any CPU.Build.0 = Production|Any CPU
		{28F4D638-86C3-49F5-A02F-8C3874A35209}.Production|x64.ActiveCfg = Production|Any CPU
		{28F4D638-86C3-49F5-A02F-8C3874A35209}.Production|x64.Build.0 = Production|Any CPU
		{28F4D638-86C3-49F5-A02F-8C3874A35209}.Release|Any CPU.ActiveCfg = Release|Any CPU
		{28F4D638-86C3-49F5-A02F-8C3874A35209}.Release|Any CPU.Build.0 = Release|Any CPU
		{28F4D638-86C3-49F5-A02F-8C3874A35209}.Release|x64.ActiveCfg = Release|Any CPU
		{E223CEB2-2766-42B9-B606-79A3085FF37F}.Debug|Any CPU.ActiveCfg = Debug|Any CPU
		{E223CEB2-2766-42B9-B606-79A3085FF37F}.Debug|Any CPU.Build.0 = Debug|Any CPU
		{E223CEB2-2766-42B9-B606-79A3085FF37F}.Debug|x64.ActiveCfg = Debug|Any CPU
		{E223CEB2-2766-42B9-B606-79A3085FF37F}.Debug|x64.Build.0 = Debug|Any CPU
		{E223CEB2-2766-42B9-B606-79A3085FF37F}.Development|Any CPU.ActiveCfg = Debug|Any CPU
		{E223CEB2-2766-42B9-B606-79A3085FF37F}.Development|Any CPU.Build.0 = Debug|Any CPU
		{E223CEB2-2766-42B9-B606-79A3085FF37F}.Development|x64.ActiveCfg = Debug|Any CPU
		{E223CEB2-2766-42B9-B606-79A3085FF37F}.Development|x64.Build.0 = Debug|Any CPU
		{E223CEB2-2766-42B9-B606-79A3085FF37F}.Production|Any CPU.ActiveCfg = Release|Any CPU
		{E223CEB2-2766-42B9-B606-79A3085FF37F}.Production|Any CPU.Build.0 = Release|Any CPU
		{E223CEB2-2766-42B9-B606-79A3085FF37F}.Production|x64.ActiveCfg = Release|Any CPU
		{E223CEB2-2766-42B9-B606-79A3085FF37F}.Production|x64.Build.0 = Release|Any CPU
		{E223CEB2-2766-42B9-B606-79A3085FF37F}.Release|Any CPU.ActiveCfg = Release|Any CPU
		{E223CEB2-2766-42B9-B606-79A3085FF37F}.Release|Any CPU.Build.0 = Release|Any CPU
		{E223CEB2-2766-42B9-B606-79A3085FF37F}.Release|x64.ActiveCfg = Release|Any CPU
		{E223CEB2-2766-42B9-B606-79A3085FF37F}.Release|x64.Build.0 = Release|Any CPU
	EndGlobalSection
	GlobalSection(SolutionProperties) = preSolution
		HideSolutionNode = FALSE
	EndGlobalSection
	GlobalSection(NestedProjects) = preSolution
		{413617C6-CEA5-447D-AE38-140AEA18B80A} = {7D6FCD98-D75A-4A55-93FC-748F9E407189}
		{4E0DD682-B2B6-4CD8-A7DE-5F59CF118A9E} = {64BBE7AF-3F97-4BBF-B3CC-2A5342102145}
		{6B9C09D3-D232-4007-A3AE-C01DF461F132} = {762FA3DA-E74F-4D9C-A2D1-07A5F8FBABA5}
		{BD95B480-9126-4BC0-9473-1C2669685641} = {7D6FCD98-D75A-4A55-93FC-748F9E407189}
		{97ABDC94-90F5-411F-8E75-D2E99069FC6E} = {762FA3DA-E74F-4D9C-A2D1-07A5F8FBABA5}
		{098869F1-13E6-4B53-8FB6-48264DB1E81E} = {1DE98E32-2E54-4F34-A25E-5FD1B0114427}
		{CA67DDE9-AAAB-40DA-A585-F2F29BB9E701} = {1DE98E32-2E54-4F34-A25E-5FD1B0114427}
		{3638C79D-8354-4AA6-A57F-EC66CCF25F73} = {50818EC8-48A6-4C28-A832-7646AC2C1E5F}
		{638AD41B-502B-4923-9575-02FC50DC817B} = {64BBE7AF-3F97-4BBF-B3CC-2A5342102145}
		{54AEF8BA-4DB4-477B-BC55-09A3AA664DBC} = {1DE98E32-2E54-4F34-A25E-5FD1B0114427}
		{05D2052E-ABEB-4638-8071-8CBB02827FDD} = {A4568EA4-94F4-4578-B6E2-968D4A1236ED}
		{1AEC7AD7-0F0C-4394-9F4A-078320C45BAF} = {762FA3DA-E74F-4D9C-A2D1-07A5F8FBABA5}
		{EB4C729A-C441-4E9D-99EF-C4C2A753BFF1} = {A4568EA4-94F4-4578-B6E2-968D4A1236ED}
		{2CE05C3C-50B7-4AE3-876E-2D5C15FD99FC} = {762FA3DA-E74F-4D9C-A2D1-07A5F8FBABA5}
		{3E0FC01C-AB2F-45ED-92A9-D812F487347F} = {A4568EA4-94F4-4578-B6E2-968D4A1236ED}
		{6CCE4BD3-F061-4D82-89AB-3097DCB9C74B} = {1DE98E32-2E54-4F34-A25E-5FD1B0114427}
		{E3803D7D-723C-4351-A934-59055CFC9B73} = {A4568EA4-94F4-4578-B6E2-968D4A1236ED}
		{A0AC4C33-1805-4982-B8EC-A6A6869843EB} = {1DE98E32-2E54-4F34-A25E-5FD1B0114427}
		{BFB82CCF-5C1B-4C2F-B039-714DF7CB3C53} = {1DE98E32-2E54-4F34-A25E-5FD1B0114427}
		{28F4D638-86C3-49F5-A02F-8C3874A35209} = {762FA3DA-E74F-4D9C-A2D1-07A5F8FBABA5}
		{48C3DD30-AC5E-4DF4-AD5D-598A29A4425D} = {C804466C-41A0-478B-B788-8A626FBF7AC1}
		{E223CEB2-2766-42B9-B606-79A3085FF37F} = {C804466C-41A0-478B-B788-8A626FBF7AC1}
	EndGlobalSection
EndGlobal
